
Microsoft Visual Studio Solution File, Format Version 12.00
# Visual Studio Version 16
VisualStudioVersion = 16.0.29728.190
MinimumVisualStudioVersion = 10.0.40219.1
Project("{FAE04EC0-301F-11D3-BF4B-00C04F79EFBC}") = "BeyKarakoyWPF", "BeyKarakoyWPF.csproj", "{CA90BC1A-E3E8-4B8F-AE30-35C688BB0529}"
EndProject
Global
	GlobalSection(SolutionConfigurationPlatforms) = preSolution
		Debug|Any CPU = Debug|Any CPU
		Release|Any CPU = Release|Any CPU
	EndGlobalSection
	GlobalSection(ProjectConfigurationPlatforms) = postSolution
		{CA90BC1A-E3E8-4B8F-AE30-35C688BB0529}.Debug|Any CPU.ActiveCfg = Debug|Any CPU
		{CA90BC1A-E3E8-4B8F-AE30-35C688BB0529}.Debug|Any CPU.Build.0 = Debug|Any CPU
		{CA90BC1A-E3E8-4B8F-AE30-35C688BB0529}.Release|Any CPU.ActiveCfg = Release|Any CPU
		{CA90BC1A-E3E8-4B8F-AE30-35C688BB0529}.Release|Any CPU.Build.0 = Release|Any CPU
	EndGlobalSection
	GlobalSection(SolutionProperties) = preSolution
		HideSolutionNode = FALSE
	EndGlobalSection
	GlobalSection(ExtensibilityGlobals) = postSolution
		SolutionGuid = {CB5AAE46-8012-4848-8120-87580582042C}
	EndGlobalSection
EndGlobal
